
Microsoft Visual Studio Solution File, Format Version 12.00
# Visual Studio Version 16
VisualStudioVersion = 16.0.31019.35
MinimumVisualStudioVersion = 10.0.40219.1
Project("{FAE04EC0-301F-11D3-BF4B-00C04F79EFBC}") = "AutoFixture_Bogus", "AutoFixture_Bogus.csproj", "{1CF97E95-3A69-4CD6-BF6E-FFF43F6BEB6C}"
EndProject
Global
	GlobalSection(SolutionConfigurationPlatforms) = preSolution
		Debug|Any CPU = Debug|Any CPU
		Release|Any CPU = Release|Any CPU
	EndGlobalSection
	GlobalSection(ProjectConfigurationPlatforms) = postSolution
		{1CF97E95-3A69-4CD6-BF6E-FFF43F6BEB6C}.Debug|Any CPU.ActiveCfg = Debug|Any CPU
		{1CF97E95-3A69-4CD6-BF6E-FFF43F6BEB6C}.Debug|Any CPU.Build.0 = Debug|Any CPU
		{1CF97E95-3A69-4CD6-BF6E-FFF43F6BEB6C}.Release|Any CPU.ActiveCfg = Release|Any CPU
		{1CF97E95-3A69-4CD6-BF6E-FFF43F6BEB6C}.Release|Any CPU.Build.0 = Release|Any CPU
	EndGlobalSection
	GlobalSection(SolutionProperties) = preSolution
		HideSolutionNode = FALSE
	EndGlobalSection
	GlobalSection(ExtensibilityGlobals) = postSolution
		SolutionGuid = {034AF31C-773D-425F-B55A-E1F7F4DDE09F}
	EndGlobalSection
EndGlobal
